uuid: f514a25b-1cac-4b65-aee5-3ad4ae1cd91e
langcode: en
status: true
dependencies:
  config:
    - views.view.who_s_online
  module:
    - system
    - user
    - views
  theme:
    - wolves
id: views_block__who_s_online_who_s_online_block
theme: wolves
region: content
weight: 1
provider: null
plugin: 'views_block:who_s_online-who_s_online_block'
settings:
  id: 'views_block:who_s_online-who_s_online_block'
  label: ''
  provider: views
  label_display: '0'
  views_label: ''
  items_per_page: none
visibility:
  user_role:
    id: user_role
    roles:
      authenticated: authenticated
      administrator: administrator
    negate: false
    context_mapping:
      user: '@user.current_user_context:current_user'
  request_path:
    id: request_path
    pages: "/user/*\r\n!/user/*/edit"
    negate: false
    context_mapping: {  }
